
Microsoft Visual Studio Solution File, Format Version 12.00
# Visual Studio Version 16
VisualStudioVersion = 16.0.30804.86
MinimumVisualStudioVersion = 10.0.40219.1
Project("{FAE04EC0-301F-11D3-BF4B-00C04F79EFBC}") = "API", "API.csproj", "{EF6034B4-3567-45A5-B704-9841693E265A}"
EndProject
Global
	GlobalSection(SolutionConfigurationPlatforms) = preSolution
		Debug|Any CPU = Debug|Any CPU
		Release|Any CPU = Release|Any CPU
	EndGlobalSection
	GlobalSection(ProjectConfigurationPlatforms) = postSolution
		{EF6034B4-3567-45A5-B704-9841693E265A}.Debug|Any CPU.ActiveCfg = Debug|Any CPU
		{EF6034B4-3567-45A5-B704-9841693E265A}.Debug|Any CPU.Build.0 = Debug|Any CPU
		{EF6034B4-3567-45A5-B704-9841693E265A}.Release|Any CPU.ActiveCfg = Release|Any CPU
		{EF6034B4-3567-45A5-B704-9841693E265A}.Release|Any CPU.Build.0 = Release|Any CPU
	EndGlobalSection
	GlobalSection(SolutionProperties) = preSolution
		HideSolutionNode = FALSE
	EndGlobalSection
	GlobalSection(ExtensibilityGlobals) = postSolution
		SolutionGuid = {98DCE1E7-E259-425B-A5E9-84251F546DB2}
	EndGlobalSection
EndGlobal
